
Microsoft Visual Studio Solution File, Format Version 12.00
# Visual Studio Version 16
VisualStudioVersion = 16.0.30611.23
MinimumVisualStudioVersion = 10.0.40219.1
Project("{FAE04EC0-301F-11D3-BF4B-00C04F79EFBC}") = "Madalina_Rosu_Lab5", "Madalina_Rosu_Lab5.csproj", "{F4F0A3B4-F573-48C3-917D-E19830C4FD02}"
EndProject
Global
	GlobalSection(SolutionConfigurationPlatforms) = preSolution
		Debug|Any CPU = Debug|Any CPU
		Release|Any CPU = Release|Any CPU
	EndGlobalSection
	GlobalSection(ProjectConfigurationPlatforms) = postSolution
		{F4F0A3B4-F573-48C3-917D-E19830C4FD02}.Debug|Any CPU.ActiveCfg = Debug|Any CPU
		{F4F0A3B4-F573-48C3-917D-E19830C4FD02}.Debug|Any CPU.Build.0 = Debug|Any CPU
		{F4F0A3B4-F573-48C3-917D-E19830C4FD02}.Release|Any CPU.ActiveCfg = Release|Any CPU
		{F4F0A3B4-F573-48C3-917D-E19830C4FD02}.Release|Any CPU.Build.0 = Release|Any CPU
	EndGlobalSection
	GlobalSection(SolutionProperties) = preSolution
		HideSolutionNode = FALSE
	EndGlobalSection
	GlobalSection(ExtensibilityGlobals) = postSolution
		SolutionGuid = {054B6953-C04A-4809-AA98-CCB74751ED6D}
	EndGlobalSection
EndGlobal
